// !$*UTF8*$!
{
	archiveVersion = 1;
	classes = {
	};
	objectVersion = 46;
	objects = {

/* Begin PBXBuildFile section */
		EE10B3D61DBED9D4001AD25A /* FileRecognitionDemoViewController.m in Sources */ = {isa = PBXBuildFile; fileRef = EE10B3D51DBED9D4001AD25A /* FileRecognitionDemoViewController.m */; };
		EE2D07371DDF7B470095D90F /* CommandAndControlViewController.m in Sources */ = {isa = PBXBuildFile; fileRef = EE2D07361DDF7B470095D90F /* CommandAndControlViewController.m */; };
		EE30E5901DF7CAD800D547B6 /* audio-1.wav in Resources */ = {isa = PBXBuildFile; fileRef = EE30E58F1DF7CAD800D547B6 /* audio-1.wav */; };
		EE37CA061D0BBAE000F5F3FD /* librispeech-nnet2-en-us in Resources */ = {isa = PBXBuildFile; fileRef = EE0D55181CD41DCD00B37356 /* librispeech-nnet2-en-us */; };
		EE4A6CD71D00B95600BBEB41 /* MusicDemoViewController.m in Sources */ = {isa = PBXBuildFile; fileRef = EE4A6CD61D00B95600BBEB41 /* MusicDemoViewController.m */; };
		EE4A6CDA1D00B96F00BBEB41 /* ContactsDemoViewController.m in Sources */ = {isa = PBXBuildFile; fileRef = EE4A6CD91D00B96F00BBEB41 /* ContactsDemoViewController.m */; };
		EE4A6CDD1D00B98100BBEB41 /* EduReadingDemoViewController.m in Sources */ = {isa = PBXBuildFile; fileRef = EE4A6CDC1D00B98100BBEB41 /* EduReadingDemoViewController.m */; };
		EE64BE6D1E6C7A0A00345A5F /* libc++.tbd in Frameworks */ = {isa = PBXBuildFile; fileRef = EE64BE6C1E6C7A0A00345A5F /* libc++.tbd */; };
		EE8B7FFC1A16A3A9007F455E /* main.m in Sources */ = {isa = PBXBuildFile; fileRef = EE8B7FFB1A16A3A9007F455E /* main.m */; };
		EE8B7FFF1A16A3A9007F455E /* AppDelegate.m in Sources */ = {isa = PBXBuildFile; fileRef = EE8B7FFE1A16A3A9007F455E /* AppDelegate.m */; };
		EE8B80021A16A3A9007F455E /* ViewController.m in Sources */ = {isa = PBXBuildFile; fileRef = EE8B80011A16A3A9007F455E /* ViewController.m */; };
		EE8B80051A16A3A9007F455E /* Main.storyboard in Resources */ = {isa = PBXBuildFile; fileRef = EE8B80031A16A3A9007F455E /* Main.storyboard */; };
		EE8B800A1A16A3A9007F455E /* LaunchScreen.xib in Resources */ = {isa = PBXBuildFile; fileRef = EE8B80081A16A3A9007F455E /* LaunchScreen.xib */; };
		EE8B80E81A16C92B007F455E /* Accelerate.framework in Frameworks */ = {isa = PBXBuildFile; fileRef = EE8B80E71A16C92B007F455E /* Accelerate.framework */; };
		EEAF90DC1D21CB7800ED0451 /* EduWordsDemoViewController.m in Sources */ = {isa = PBXBuildFile; fileRef = EEAF90DB1D21CB7800ED0451 /* EduWordsDemoViewController.m */; };
		EEE356D91EAFF52200F9963D /* KeenASR.framework in Frameworks */ = {isa = PBXBuildFile; fileRef = EEE356D81EAFF52200F9963D /* KeenASR.framework */; };
/* End PBXBuildFile section */

/* Begin PBXFileReference section */
		EE0D55181CD41DCD00B37356 /* librispeech-nnet2-en-us */ = {isa = PBXFileReference; lastKnownFileType = folder; path = "librispeech-nnet2-en-us"; sourceTree = "<group>"; };
		EE10B3D41DBED9D4001AD25A /* FileRecognitionDemoViewController.h */ = {isa = PBXFileReference; fileEncoding = 4; lastKnownFileType = sourcecode.c.h; path = FileRecognitionDemoViewController.h; sourceTree = "<group>"; };
		EE10B3D51DBED9D4001AD25A /* FileRecognitionDemoViewController.m */ = {isa = PBXFileReference; fileEncoding = 4; lastKnownFileType = sourcecode.c.objc; path = FileRecognitionDemoViewController.m; sourceTree = "<group>"; };
		EE2D07351DDF7B470095D90F /* CommandAndControlViewController.h */ = {isa = PBXFileReference; fileEncoding = 4; lastKnownFileType = sourcecode.c.h; path = CommandAndControlViewController.h; sourceTree = "<group>"; };
		EE2D07361DDF7B470095D90F /* CommandAndControlViewController.m */ = {isa = PBXFileReference; fileEncoding = 4; lastKnownFileType = sourcecode.c.objc; path = CommandAndControlViewController.m; sourceTree = "<group>"; };
		EE30E58F1DF7CAD800D547B6 /* audio-1.wav */ = {isa = PBXFileReference; lastKnownFileType = audio.wav; path = "audio-1.wav"; sourceTree = "<group>"; };
		EE4A6CD51D00B95600BBEB41 /* MusicDemoViewController.h */ = {isa = PBXFileReference; fileEncoding = 4; lastKnownFileType = sourcecode.c.h; path = MusicDemoViewController.h; sourceTree = "<group>"; };
		EE4A6CD61D00B95600BBEB41 /* MusicDemoViewController.m */ = {isa = PBXFileReference; fileEncoding = 4; lastKnownFileType = sourcecode.c.objc; path = MusicDemoViewController.m; sourceTree = "<group>"; };
		EE4A6CD81D00B96F00BBEB41 /* ContactsDemoViewController.h */ = {isa = PBXFileReference; fileEncoding = 4; lastKnownFileType = sourcecode.c.h; path = ContactsDemoViewController.h; sourceTree = "<group>"; };
		EE4A6CD91D00B96F00BBEB41 /* ContactsDemoViewController.m */ = {isa = PBXFileReference; fileEncoding = 4; lastKnownFileType = sourcecode.c.objc; path = ContactsDemoViewController.m; sourceTree = "<group>"; };
		EE4A6CDB1D00B98100BBEB41 /* EduReadingDemoViewController.h */ = {isa = PBXFileReference; fileEncoding = 4; lastKnownFileType = sourcecode.c.h; path = EduReadingDemoViewController.h; sourceTree = "<group>"; };
		EE4A6CDC1D00B98100BBEB41 /* EduReadingDemoViewController.m */ = {isa = PBXFileReference; fileEncoding = 4; lastKnownFileType = sourcecode.c.objc; path = EduReadingDemoViewController.m; sourceTree = "<group>"; };
		EE64BE6C1E6C7A0A00345A5F /* libc++.tbd */ = {isa = PBXFileReference; lastKnownFileType = "sourcecode.text-based-dylib-definition"; name = "libc++.tbd"; path = "usr/lib/libc++.tbd"; sourceTree = SDKROOT; };
		EE8B7FF61A16A3A9007F455E /* kaldi-ios-poc.app */ = {isa = PBXFileReference; explicitFileType = wrapper.application; includeInIndex = 0; path = "kaldi-ios-poc.app"; sourceTree = BUILT_PRODUCTS_DIR; };
		EE8B7FFA1A16A3A9007F455E /* Info.plist */ = {isa = PBXFileReference; lastKnownFileType = text.plist.xml; path = Info.plist; sourceTree = "<group>"; };
		EE8B7FFB1A16A3A9007F455E /* main.m */ = {isa = PBXFileReference; lastKnownFileType = sourcecode.c.objc; path = main.m; sourceTree = "<group>"; };
		EE8B7FFD1A16A3A9007F455E /* AppDelegate.h */ = {isa = PBXFileReference; lastKnownFileType = sourcecode.c.h; path = AppDelegate.h; sourceTree = "<group>"; };
		EE8B7FFE1A16A3A9007F455E /* AppDelegate.m */ = {isa = PBXFileReference; lastKnownFileType = sourcecode.c.objc; path = AppDelegate.m; sourceTree = "<group>"; };
		EE8B80001A16A3A9007F455E /* ViewController.h */ = {isa = PBXFileReference; lastKnownFileType = sourcecode.c.h; path = ViewController.h; sourceTree = "<group>"; };
		EE8B80011A16A3A9007F455E /* ViewController.m */ = {isa = PBXFileReference; lastKnownFileType = sourcecode.c.objc; path = ViewController.m; sourceTree = "<group>"; };
		EE8B80041A16A3A9007F455E /* Base */ = {isa = PBXFileReference; lastKnownFileType = file.storyboard; name = Base; path = Base.lproj/Main.storyboard; sourceTree = "<group>"; };
		EE8B80091A16A3A9007F455E /* Base */ = {isa = PBXFileReference; lastKnownFileType = file.xib; name = Base; path = Base.lproj/LaunchScreen.xib; sourceTree = "<group>"; };
		EE8B80141A16A3A9007F455E /* Info.plist */ = {isa = PBXFileReference; lastKnownFileType = text.plist.xml; path = Info.plist; sourceTree = "<group>"; };
		EE8B80151A16A3A9007F455E /* kaldi_ios_pocTests.m */ = {isa = PBXFileReference; lastKnownFileType = sourcecode.c.objc; path = kaldi_ios_pocTests.m; sourceTree = "<group>"; };
		EE8B80E71A16C92B007F455E /* Accelerate.framework */ = {isa = PBXFileReference; lastKnownFileType = wrapper.framework; name = Accelerate.framework; path = System/Library/Frameworks/Accelerate.framework; sourceTree = SDKROOT; };
		EEA6E01E1D5C42F900778A66 /* Metal.framework */ = {isa = PBXFileReference; lastKnownFileType = wrapper.framework; name = Metal.framework; path = System/Library/Frameworks/Metal.framework; sourceTree = SDKROOT; };
		EEAF90DA1D21CB7800ED0451 /* EduWordsDemoViewController.h */ = {isa = PBXFileReference; fileEncoding = 4; lastKnownFileType = sourcecode.c.h; path = EduWordsDemoViewController.h; sourceTree = "<group>"; };
		EEAF90DB1D21CB7800ED0451 /* EduWordsDemoViewController.m */ = {isa = PBXFileReference; fileEncoding = 4; lastKnownFileType = sourcecode.c.objc; path = EduWordsDemoViewController.m; sourceTree = "<group>"; };
		EEE356D81EAFF52200F9963D /* KeenASR.framework */ = {isa = PBXFileReference; lastKnownFileType = wrapper.framework; path = KeenASR.framework; sourceTree = "<group>"; };
/* End PBXFileReference section */

/* Begin PBXFrameworksBuildPhase section */
		EE8B7FF31A16A3A9007F455E /* Frameworks */ = {
			isa = PBXFrameworksBuildPhase;
			buildActionMask = 2147483647;
			files = (
				EEE356D91EAFF52200F9963D /* KeenASR.framework in Frameworks */,
				EE64BE6D1E6C7A0A00345A5F /* libc++.tbd in Frameworks */,
				EE8B80E81A16C92B007F455E /* Accelerate.framework in Frameworks */,
			);
			runOnlyForDeploymentPostprocessing = 0;
		};
/* End PBXFrameworksBuildPhase section */

/* Begin PBXGroup section */
		1C0F6B99CB4912B9BC38DDED /* Frameworks */ = {
			isa = PBXGroup;
			children = (
				EEE356D81EAFF52200F9963D /* KeenASR.framework */,
				EE64BE6C1E6C7A0A00345A5F /* libc++.tbd */,
				EEA6E01E1D5C42F900778A66 /* Metal.framework */,
				EE8B80E71A16C92B007F455E /* Accelerate.framework */,
			);
			name = Frameworks;
			sourceTree = "<group>";
		};
		EE8B7FED1A16A3A9007F455E = {
			isa = PBXGroup;
			children = (
				EE0D55181CD41DCD00B37356 /* librispeech-nnet2-en-us */,
				EE8B7FF81A16A3A9007F455E /* kaldi-ios-poc */,
				EE8B80121A16A3A9007F455E /* kaldi-ios-pocTests */,
				EE8B7FF71A16A3A9007F455E /* Products */,
				1C0F6B99CB4912B9BC38DDED /* Frameworks */,
			);
			sourceTree = "<group>";
		};
		EE8B7FF71A16A3A9007F455E /* Products */ = {
			isa = PBXGroup;
			children = (
				EE8B7FF61A16A3A9007F455E /* kaldi-ios-poc.app */,
			);
			name = Products;
			sourceTree = "<group>";
		};
		EE8B7FF81A16A3A9007F455E /* kaldi-ios-poc */ = {
			isa = PBXGroup;
			children = (
				EE30E58F1DF7CAD800D547B6 /* audio-1.wav */,
				EE8B7FFD1A16A3A9007F455E /* AppDelegate.h */,
				EE8B7FFE1A16A3A9007F455E /* AppDelegate.m */,
				EE8B80001A16A3A9007F455E /* ViewController.h */,
				EE8B80011A16A3A9007F455E /* ViewController.m */,
				EE4A6CD51D00B95600BBEB41 /* MusicDemoViewController.h */,
				EE4A6CD61D00B95600BBEB41 /* MusicDemoViewController.m */,
				EE4A6CD81D00B96F00BBEB41 /* ContactsDemoViewController.h */,
				EE4A6CD91D00B96F00BBEB41 /* ContactsDemoViewController.m */,
				EE4A6CDB1D00B98100BBEB41 /* EduReadingDemoViewController.h */,
				EE4A6CDC1D00B98100BBEB41 /* EduReadingDemoViewController.m */,
				EEAF90DA1D21CB7800ED0451 /* EduWordsDemoViewController.h */,
				EEAF90DB1D21CB7800ED0451 /* EduWordsDemoViewController.m */,
				EE10B3D41DBED9D4001AD25A /* FileRecognitionDemoViewController.h */,
				EE10B3D51DBED9D4001AD25A /* FileRecognitionDemoViewController.m */,
				EE2D07351DDF7B470095D90F /* CommandAndControlViewController.h */,
				EE2D07361DDF7B470095D90F /* CommandAndControlViewController.m */,
				EE8B80031A16A3A9007F455E /* Main.storyboard */,
				EE8B80081A16A3A9007F455E /* LaunchScreen.xib */,
				EE8B7FF91A16A3A9007F455E /* Supporting Files */,
			);
			path = "kaldi-ios-poc";
			sourceTree = "<group>";
		};
		EE8B7FF91A16A3A9007F455E /* Supporting Files */ = {
			isa = PBXGroup;
			children = (
				EE8B7FFA1A16A3A9007F455E /* Info.plist */,
				EE8B7FFB1A16A3A9007F455E /* main.m */,
			);
			name = "Supporting Files";
			sourceTree = "<group>";
		};
		EE8B80121A16A3A9007F455E /* kaldi-ios-pocTests */ = {
			isa = PBXGroup;
			children = (
				EE8B80151A16A3A9007F455E /* kaldi_ios_pocTests.m */,
				EE8B80131A16A3A9007F455E /* Supporting Files */,
			);
			path = "kaldi-ios-pocTests";
			sourceTree = "<group>";
		};
		EE8B80131A16A3A9007F455E /* Supporting Files */ = {
			isa = PBXGroup;
			children = (
				EE8B80141A16A3A9007F455E /* Info.plist */,
			);
			name = "Supporting Files";
			sourceTree = "<group>";
		};
/* End PBXGroup section */

/* Begin PBXNativeTarget section */
		EE8B7FF51A16A3A9007F455E /* kaldi-ios-poc */ = {
			isa = PBXNativeTarget;
			buildConfigurationList = EE8B80191A16A3A9007F455E /* Build configuration list for PBXNativeTarget "kaldi-ios-poc" */;
			buildPhases = (
				EE8B7FF21A16A3A9007F455E /* Sources */,
				EE8B7FF31A16A3A9007F455E /* Frameworks */,
				EE8B7FF41A16A3A9007F455E /* Resources */,
			);
			buildRules = (
			);
			dependencies = (
			);
			name = "kaldi-ios-poc";
			productName = "kaldi-ios-poc";
			productReference = EE8B7FF61A16A3A9007F455E /* kaldi-ios-poc.app */;
			productType = "com.apple.product-type.application";
		};
/* End PBXNativeTarget section */

/* Begin PBXProject section */
		EE8B7FEE1A16A3A9007F455E /* Project object */ = {
			isa = PBXProject;
			attributes = {
				LastUpgradeCheck = 0820;
				ORGANIZATIONNAME = "Keen Research";
				TargetAttributes = {
					EE8B7FF51A16A3A9007F455E = {
						CreatedOnToolsVersion = 6.1;
						DevelopmentTeam = 2M983EKR69;
					};
				};
			};
			buildConfigurationList = EE8B7FF11A16A3A9007F455E /* Build configuration list for PBXProject "kaldi-ios-poc" */;
			compatibilityVersion = "Xcode 3.2";
			developmentRegion = English;
			hasScannedForEncodings = 0;
			knownRegions = (
				en,
				Base,
			);
			mainGroup = EE8B7FED1A16A3A9007F455E;
			productRefGroup = EE8B7FF71A16A3A9007F455E /* Products */;
			projectDirPath = "";
			projectRoot = "";
			targets = (
				EE8B7FF51A16A3A9007F455E /* kaldi-ios-poc */,
			);
		};
/* End PBXProject section */

/* Begin PBXResourcesBuildPhase section */
		EE8B7FF41A16A3A9007F455E /* Resources */ = {
			isa = PBXResourcesBuildPhase;
			buildActionMask = 2147483647;
			files = (
				EE8B80051A16A3A9007F455E /* Main.storyboard in Resources */,
				EE8B800A1A16A3A9007F455E /* LaunchScreen.xib in Resources */,
				EE37CA061D0BBAE000F5F3FD /* librispeech-nnet2-en-us in Resources */,
				EE30E5901DF7CAD800D547B6 /* audio-1.wav in Resources */,
			);
			runOnlyForDeploymentPostprocessing = 0;
		};
/* End PBXResourcesBuildPhase section */

/* Begin PBXSourcesBuildPhase section */
		EE8B7FF21A16A3A9007F455E /* Sources */ = {
			isa = PBXSourcesBuildPhase;
			buildActionMask = 2147483647;
			files = (
				EE8B80021A16A3A9007F455E /* ViewController.m in Sources */,
				EEAF90DC1D21CB7800ED0451 /* EduWordsDemoViewController.m in Sources */,
				EE4A6CD71D00B95600BBEB41 /* MusicDemoViewController.m in Sources */,
				EE10B3D61DBED9D4001AD25A /* FileRecognitionDemoViewController.m in Sources */,
				EE4A6CDA1D00B96F00BBEB41 /* ContactsDemoViewController.m in Sources */,
				EE4A6CDD1D00B98100BBEB41 /* EduReadingDemoViewController.m in Sources */,
				EE8B7FFF1A16A3A9007F455E /* AppDelegate.m in Sources */,
				EE8B7FFC1A16A3A9007F455E /* main.m in Sources */,
				EE2D07371DDF7B470095D90F /* CommandAndControlViewController.m in Sources */,
			);
			runOnlyForDeploymentPostprocessing = 0;
		};
/* End PBXSourcesBuildPhase section */

/* Begin PBXVariantGroup section */
		EE8B80031A16A3A9007F455E /* Main.storyboard */ = {
			isa = PBXVariantGroup;
			children = (
				EE8B80041A16A3A9007F455E /* Base */,
			);
			name = Main.storyboard;
			sourceTree = "<group>";
		};
		EE8B80081A16A3A9007F455E /* LaunchScreen.xib */ = {
			isa = PBXVariantGroup;
			children = (
				EE8B80091A16A3A9007F455E /* Base */,
			);
			name = LaunchScreen.xib;
			sourceTree = "<group>";
		};
/* End PBXVariantGroup section */

/* Begin XCBuildConfiguration section */
		EE8B80171A16A3A9007F455E /* Debug */ = {
			isa = XCBuildConfiguration;
			buildSettings = {
				ALWAYS_SEARCH_USER_PATHS = NO;
				CLANG_CXX_LANGUAGE_STANDARD = "gnu++0x";
				CLANG_CXX_LIBRARY = "compiler-default";
				CLANG_ENABLE_MODULES = YES;
				CLANG_ENABLE_OBJC_ARC = YES;
				CLANG_WARN_BOOL_CONVERSION = YES;
				CLANG_WARN_CONSTANT_CONVERSION = YES;
				CLANG_WARN_DIRECT_OBJC_ISA_USAGE = YES_ERROR;
				CLANG_WARN_EMPTY_BODY = YES;
				CLANG_WARN_ENUM_CONVERSION = YES;
				CLANG_WARN_INFINITE_RECURSION = YES;
				CLANG_WARN_INT_CONVERSION = YES;
				CLANG_WARN_OBJC_ROOT_CLASS = YES_ERROR;
				CLANG_WARN_SUSPICIOUS_MOVE = YES;
				CLANG_WARN_UNREACHABLE_CODE = YES;
				CLANG_WARN__DUPLICATE_METHOD_MATCH = YES;
				"CODE_SIGN_IDENTITY[sdk=iphoneos*]" = "iPhone Developer";
				COPY_PHASE_STRIP = NO;
				ENABLE_BITCODE = NO;
				ENABLE_STRICT_OBJC_MSGSEND = YES;
				ENABLE_TESTABILITY = YES;
				GCC_C_LANGUAGE_STANDARD = gnu99;
				GCC_DYNAMIC_NO_PIC = NO;
				GCC_NO_COMMON_BLOCKS = YES;
				GCC_OPTIMIZATION_LEVEL = 0;
				GCC_PREPROCESSOR_DEFINITIONS = (
					"DEBUG=1",
					"$(inherited)",
				);
				"GCC_PREPROCESSOR_DEFINITIONS[arch=*]" = (
					"HAVE_POSIX_MEMALIGN=1",
					"HAVE_CLAPACK=1",
					"$(inherited)",
				);
				GCC_SYMBOLS_PRIVATE_EXTERN = NO;
				GCC_WARN_64_TO_32_BIT_CONVERSION = YES;
				GCC_WARN_ABOUT_RETURN_TYPE = YES_ERROR;
				GCC_WARN_UNDECLARED_SELECTOR = YES;
				GCC_WARN_UNINITIALIZED_AUTOS = YES_AGGRESSIVE;
				GCC_WARN_UNUSED_FUNCTION = YES;
				GCC_WARN_UNUSED_VARIABLE = YES;
				IPHONEOS_DEPLOYMENT_TARGET = 8.1;
				MTL_ENABLE_DEBUG_INFO = YES;
				ONLY_ACTIVE_ARCH = YES;
				SDKROOT = iphoneos;
			};
			name = Debug;
		};
		EE8B80181A16A3A9007F455E /* Release */ = {
			isa = XCBuildConfiguration;
			buildSettings = {
				ALWAYS_SEARCH_USER_PATHS = NO;
				CLANG_CXX_LANGUAGE_STANDARD = "gnu++0x";
				CLANG_CXX_LIBRARY = "compiler-default";
				CLANG_ENABLE_MODULES = YES;
				CLANG_ENABLE_OBJC_ARC = YES;
				CLANG_WARN_BOOL_CONVERSION = YES;
				CLANG_WARN_CONSTANT_CONVERSION = YES;
				CLANG_WARN_DIRECT_OBJC_ISA_USAGE = YES_ERROR;
				CLANG_WARN_EMPTY_BODY = YES;
				CLANG_WARN_ENUM_CONVERSION = YES;
				CLANG_WARN_INFINITE_RECURSION = YES;
				CLANG_WARN_INT_CONVERSION = YES;
				CLANG_WARN_OBJC_ROOT_CLASS = YES_ERROR;
				CLANG_WARN_SUSPICIOUS_MOVE = YES;
				CLANG_WARN_UNREACHABLE_CODE = YES;
				CLANG_WARN__DUPLICATE_METHOD_MATCH = YES;
				"CODE_SIGN_IDENTITY[sdk=iphoneos*]" = "iPhone Developer";
				COPY_PHASE_STRIP = YES;
				ENABLE_BITCODE = NO;
				ENABLE_NS_ASSERTIONS = NO;
				ENABLE_STRICT_OBJC_MSGSEND = YES;
				GCC_C_LANGUAGE_STANDARD = gnu99;
				GCC_NO_COMMON_BLOCKS = YES;
				GCC_PREPROCESSOR_DEFINITIONS = (
					"HAVE_POSIX_MEMALIGN=1",
					"HAVE_CLAPACK=1",
				);
				GCC_WARN_64_TO_32_BIT_CONVERSION = YES;
				GCC_WARN_ABOUT_RETURN_TYPE = YES_ERROR;
				GCC_WARN_UNDECLARED_SELECTOR = YES;
				GCC_WARN_UNINITIALIZED_AUTOS = YES_AGGRESSIVE;
				GCC_WARN_UNUSED_FUNCTION = YES;
				GCC_WARN_UNUSED_VARIABLE = YES;
				IPHONEOS_DEPLOYMENT_TARGET = 8.1;
				MTL_ENABLE_DEBUG_INFO = NO;
				SDKROOT = iphoneos;
				VALIDATE_PRODUCT = YES;
			};
			name = Release;
		};
		EE8B801A1A16A3A9007F455E /* Debug */ = {
			isa = XCBuildConfiguration;
			buildSettings = {
				ASSETCATALOG_COMPILER_APPICON_NAME = AppIcon;
				CLANG_CXX_LANGUAGE_STANDARD = "gnu++0x";
				CLANG_CXX_LIBRARY = "libc++";
				CODE_SIGN_IDENTITY = "iPhone Developer";
				DEVELOPMENT_TEAM = 2M983EKR69;
				ENABLE_BITCODE = NO;
				FRAMEWORK_SEARCH_PATHS = (
					"$(inherited)",
					"$(PROJECT_DIR)",
				);
				GCC_C_LANGUAGE_STANDARD = c11;
				GCC_PREPROCESSOR_DEFINITIONS = "DEBUG=1";
				HEADER_SEARCH_PATHS = (
					"$(inherited)",
					/Applications/Xcode.app/Contents/Developer/Toolchains/XcodeDefault.xctoolchain/usr/include,
					kaldi/,
					"/Applications/Xcode.app/Contents/Developer/Platforms/iPhoneOS.platform/Developer/SDKs/iPhoneOS.sdk/usr/include/c++/4.2.1/",
					"$(PROJECT_DIR)",
				);
				INFOPLIST_FILE = "kaldi-ios-poc/Info.plist";
				INFOPLIST_OTHER_PREPROCESSOR_FLAGS = "";
				LD_RUNPATH_SEARCH_PATHS = "$(inherited) @executable_path/Frameworks";
				LIBRARY_SEARCH_PATHS = (
					"$(inherited)",
					"$(PROJECT_DIR)",
				);
				OTHER_LDFLAGS = "";
				PRODUCT_BUNDLE_IDENTIFIER = "com.keenresearch.kaldi-ios-poc";
				PRODUCT_NAME = "$(TARGET_NAME)";
				PROVISIONING_PROFILE = "";
			};
			name = Debug;
		};
		EE8B801B1A16A3A9007F455E /* Release */ = {
			isa = XCBuildConfiguration;
			buildSettings = {
				ASSETCATALOG_COMPILER_APPICON_NAME = AppIcon;
				CLANG_CXX_LANGUAGE_STANDARD = "gnu++0x";
				CLANG_CXX_LIBRARY = "libc++";
				CODE_SIGN_IDENTITY = "iPhone Developer";
				DEVELOPMENT_TEAM = 2M983EKR69;
				ENABLE_BITCODE = NO;
				FRAMEWORK_SEARCH_PATHS = (
					"$(inherited)",
					"$(PROJECT_DIR)",
				);
				GCC_C_LANGUAGE_STANDARD = c11;
				GCC_PREPROCESSOR_DEFINITIONS = "";
				HEADER_SEARCH_PATHS = (
					"$(inherited)",
					/Applications/Xcode.app/Contents/Developer/Toolchains/XcodeDefault.xctoolchain/usr/include,
					kaldi/,
					"/Applications/Xcode.app/Contents/Developer/Platforms/iPhoneOS.platform/Developer/SDKs/iPhoneOS.sdk/usr/include/c++/4.2.1/",
					"$(PROJECT_DIR)",
				);
				INFOPLIST_FILE = "kaldi-ios-poc/Info.plist";
				INFOPLIST_OTHER_PREPROCESSOR_FLAGS = "";
				LD_RUNPATH_SEARCH_PATHS = "$(inherited) @executable_path/Frameworks";
				LIBRARY_SEARCH_PATHS = (
					"$(inherited)",
					"$(PROJECT_DIR)",
				);
				OTHER_LDFLAGS = "";
				PRODUCT_BUNDLE_IDENTIFIER = "com.keenresearch.kaldi-ios-poc";
				PRODUCT_NAME = "$(TARGET_NAME)";
				PROVISIONING_PROFILE = "";
			};
			name = Release;
		};
/* End XCBuildConfiguration section */

/* Begin XCConfigurationList section */
		EE8B7FF11A16A3A9007F455E /* Build configuration list for PBXProject "kaldi-ios-poc" */ = {
			isa = XCConfigurationList;
			buildConfigurations = (
				EE8B80171A16A3A9007F455E /* Debug */,
				EE8B80181A16A3A9007F455E /* Release */,
			);
			defaultConfigurationIsVisible = 0;
			defaultConfigurationName = Release;
		};
		EE8B80191A16A3A9007F455E /* Build configuration list for PBXNativeTarget "kaldi-ios-poc" */ = {
			isa = XCConfigurationList;
			buildConfigurations = (
				EE8B801A1A16A3A9007F455E /* Debug */,
				EE8B801B1A16A3A9007F455E /* Release */,
			);
			defaultConfigurationIsVisible = 0;
			defaultConfigurationName = Release;
		};
/* End XCConfigurationList section */
	};
	rootObject = EE8B7FEE1A16A3A9007F455E /* Project object */;
}
