// !$*UTF8*$!
{
	archiveVersion = 1;
	classes = {
	};
	objectVersion = 46;
	objects = {

/* Begin PBXBuildFile section */
		EE7410AA1CCEE59D009E72FF /* librispeech-gmm in Resources */ = {isa = PBXBuildFile; fileRef = EE7410A91CCEE59D009E72FF /* librispeech-gmm */; };
		EE8B7FFC1A16A3A9007F455E /* main.m in Sources */ = {isa = PBXBuildFile; fileRef = EE8B7FFB1A16A3A9007F455E /* main.m */; };
		EE8B7FFF1A16A3A9007F455E /* AppDelegate.m in Sources */ = {isa = PBXBuildFile; fileRef = EE8B7FFE1A16A3A9007F455E /* AppDelegate.m */; };
		EE8B80021A16A3A9007F455E /* ViewController.m in Sources */ = {isa = PBXBuildFile; fileRef = EE8B80011A16A3A9007F455E /* ViewController.m */; };
		EE8B80051A16A3A9007F455E /* Main.storyboard in Resources */ = {isa = PBXBuildFile; fileRef = EE8B80031A16A3A9007F455E /* Main.storyboard */; };
		EE8B80071A16A3A9007F455E /* Images.xcassets in Resources */ = {isa = PBXBuildFile; fileRef = EE8B80061A16A3A9007F455E /* Images.xcassets */; };
		EE8B800A1A16A3A9007F455E /* LaunchScreen.xib in Resources */ = {isa = PBXBuildFile; fileRef = EE8B80081A16A3A9007F455E /* LaunchScreen.xib */; };
		EE8B80161A16A3A9007F455E /* kaldi_ios_pocTests.m in Sources */ = {isa = PBXBuildFile; fileRef = EE8B80151A16A3A9007F455E /* kaldi_ios_pocTests.m */; };
		EE8B80E81A16C92B007F455E /* Accelerate.framework in Frameworks */ = {isa = PBXBuildFile; fileRef = EE8B80E71A16C92B007F455E /* Accelerate.framework */; };
		EEB44DFB1CB58202009F432C /* KaldiIOS.framework in Frameworks */ = {isa = PBXBuildFile; fileRef = EEB44DF81CB58202009F432C /* KaldiIOS.framework */; };
		EEB44DFF1CB5ABE1009F432C /* libstdc++.6.0.9.tbd in Frameworks */ = {isa = PBXBuildFile; fileRef = EEB44DFE1CB5ABE1009F432C /* libstdc++.6.0.9.tbd */; };
		EEB44E091CBCC0FA009F432C /* librispeech-nnet2 in Resources */ = {isa = PBXBuildFile; fileRef = EEB44E081CBCC0FA009F432C /* librispeech-nnet2 */; };
/* End PBXBuildFile section */

/* Begin PBXContainerItemProxy section */
		EE8B80101A16A3A9007F455E /* PBXContainerItemProxy */ = {
			isa = PBXContainerItemProxy;
			containerPortal = EE8B7FEE1A16A3A9007F455E /* Project object */;
			proxyType = 1;
			remoteGlobalIDString = EE8B7FF51A16A3A9007F455E;
			remoteInfo = "kaldi-ios-poc";
		};
/* End PBXContainerItemProxy section */

/* Begin PBXFileReference section */
		EE7410A91CCEE59D009E72FF /* librispeech-gmm */ = {isa = PBXFileReference; lastKnownFileType = folder; path = "librispeech-gmm"; sourceTree = "<group>"; };
		EE8B7FF61A16A3A9007F455E /* kaldi-ios-poc.app */ = {isa = PBXFileReference; explicitFileType = wrapper.application; includeInIndex = 0; path = "kaldi-ios-poc.app"; sourceTree = BUILT_PRODUCTS_DIR; };
		EE8B7FFA1A16A3A9007F455E /* Info.plist */ = {isa = PBXFileReference; lastKnownFileType = text.plist.xml; path = Info.plist; sourceTree = "<group>"; };
		EE8B7FFB1A16A3A9007F455E /* main.m */ = {isa = PBXFileReference; lastKnownFileType = sourcecode.c.objc; path = main.m; sourceTree = "<group>"; };
		EE8B7FFD1A16A3A9007F455E /* AppDelegate.h */ = {isa = PBXFileReference; lastKnownFileType = sourcecode.c.h; path = AppDelegate.h; sourceTree = "<group>"; };
		EE8B7FFE1A16A3A9007F455E /* AppDelegate.m */ = {isa = PBXFileReference; lastKnownFileType = sourcecode.c.objc; path = AppDelegate.m; sourceTree = "<group>"; };
		EE8B80001A16A3A9007F455E /* ViewController.h */ = {isa = PBXFileReference; lastKnownFileType = sourcecode.c.h; path = ViewController.h; sourceTree = "<group>"; };
		EE8B80011A16A3A9007F455E /* ViewController.m */ = {isa = PBXFileReference; lastKnownFileType = sourcecode.c.objc; path = ViewController.m; sourceTree = "<group>"; };
		EE8B80041A16A3A9007F455E /* Base */ = {isa = PBXFileReference; lastKnownFileType = file.storyboard; name = Base; path = Base.lproj/Main.storyboard; sourceTree = "<group>"; };
		EE8B80061A16A3A9007F455E /* Images.xcassets */ = {isa = PBXFileReference; lastKnownFileType = folder.assetcatalog; path = Images.xcassets; sourceTree = "<group>"; };
		EE8B80091A16A3A9007F455E /* Base */ = {isa = PBXFileReference; lastKnownFileType = file.xib; name = Base; path = Base.lproj/LaunchScreen.xib; sourceTree = "<group>"; };
		EE8B800F1A16A3A9007F455E /* kaldi-ios-pocTests.xctest */ = {isa = PBXFileReference; explicitFileType = wrapper.cfbundle; includeInIndex = 0; path = "kaldi-ios-pocTests.xctest"; sourceTree = BUILT_PRODUCTS_DIR; };
		EE8B80141A16A3A9007F455E /* Info.plist */ = {isa = PBXFileReference; lastKnownFileType = text.plist.xml; path = Info.plist; sourceTree = "<group>"; };
		EE8B80151A16A3A9007F455E /* kaldi_ios_pocTests.m */ = {isa = PBXFileReference; lastKnownFileType = sourcecode.c.objc; path = kaldi_ios_pocTests.m; sourceTree = "<group>"; };
		EE8B80E71A16C92B007F455E /* Accelerate.framework */ = {isa = PBXFileReference; lastKnownFileType = wrapper.framework; name = Accelerate.framework; path = System/Library/Frameworks/Accelerate.framework; sourceTree = SDKROOT; };
		EEB44DF81CB58202009F432C /* KaldiIOS.framework */ = {isa = PBXFileReference; lastKnownFileType = wrapper.framework; path = KaldiIOS.framework; sourceTree = "<group>"; };
		EEB44DFE1CB5ABE1009F432C /* libstdc++.6.0.9.tbd */ = {isa = PBXFileReference; lastKnownFileType = "sourcecode.text-based-dylib-definition"; name = "libstdc++.6.0.9.tbd"; path = "usr/lib/libstdc++.6.0.9.tbd"; sourceTree = SDKROOT; };
		EEB44E081CBCC0FA009F432C /* librispeech-nnet2 */ = {isa = PBXFileReference; lastKnownFileType = folder; path = "librispeech-nnet2"; sourceTree = "<group>"; };
/* End PBXFileReference section */

/* Begin PBXFrameworksBuildPhase section */
		EE8B7FF31A16A3A9007F455E /* Frameworks */ = {
			isa = PBXFrameworksBuildPhase;
			buildActionMask = 2147483647;
			files = (
				EEB44DFF1CB5ABE1009F432C /* libstdc++.6.0.9.tbd in Frameworks */,
				EEB44DFB1CB58202009F432C /* KaldiIOS.framework in Frameworks */,
				EE8B80E81A16C92B007F455E /* Accelerate.framework in Frameworks */,
			);
			runOnlyForDeploymentPostprocessing = 0;
		};
		EE8B800C1A16A3A9007F455E /* Frameworks */ = {
			isa = PBXFrameworksBuildPhase;
			buildActionMask = 2147483647;
			files = (
			);
			runOnlyForDeploymentPostprocessing = 0;
		};
/* End PBXFrameworksBuildPhase section */

/* Begin PBXGroup section */
		1C0F6B99CB4912B9BC38DDED /* Frameworks */ = {
			isa = PBXGroup;
			children = (
				EEB44DFE1CB5ABE1009F432C /* libstdc++.6.0.9.tbd */,
				EEB44DF81CB58202009F432C /* KaldiIOS.framework */,
				EE8B80E71A16C92B007F455E /* Accelerate.framework */,
			);
			name = Frameworks;
			sourceTree = "<group>";
		};
		EE8B7FED1A16A3A9007F455E = {
			isa = PBXGroup;
			children = (
				EE7410A91CCEE59D009E72FF /* librispeech-gmm */,
				EEB44E081CBCC0FA009F432C /* librispeech-nnet2 */,
				EE8B7FF81A16A3A9007F455E /* kaldi-ios-poc */,
				EE8B80121A16A3A9007F455E /* kaldi-ios-pocTests */,
				EE8B7FF71A16A3A9007F455E /* Products */,
				1C0F6B99CB4912B9BC38DDED /* Frameworks */,
			);
			sourceTree = "<group>";
		};
		EE8B7FF71A16A3A9007F455E /* Products */ = {
			isa = PBXGroup;
			children = (
				EE8B7FF61A16A3A9007F455E /* kaldi-ios-poc.app */,
				EE8B800F1A16A3A9007F455E /* kaldi-ios-pocTests.xctest */,
			);
			name = Products;
			sourceTree = "<group>";
		};
		EE8B7FF81A16A3A9007F455E /* kaldi-ios-poc */ = {
			isa = PBXGroup;
			children = (
				EE8B7FFD1A16A3A9007F455E /* AppDelegate.h */,
				EE8B7FFE1A16A3A9007F455E /* AppDelegate.m */,
				EE8B80001A16A3A9007F455E /* ViewController.h */,
				EE8B80011A16A3A9007F455E /* ViewController.m */,
				EE8B80031A16A3A9007F455E /* Main.storyboard */,
				EE8B80061A16A3A9007F455E /* Images.xcassets */,
				EE8B80081A16A3A9007F455E /* LaunchScreen.xib */,
				EE8B7FF91A16A3A9007F455E /* Supporting Files */,
			);
			path = "kaldi-ios-poc";
			sourceTree = "<group>";
		};
		EE8B7FF91A16A3A9007F455E /* Supporting Files */ = {
			isa = PBXGroup;
			children = (
				EE8B7FFA1A16A3A9007F455E /* Info.plist */,
				EE8B7FFB1A16A3A9007F455E /* main.m */,
			);
			name = "Supporting Files";
			sourceTree = "<group>";
		};
		EE8B80121A16A3A9007F455E /* kaldi-ios-pocTests */ = {
			isa = PBXGroup;
			children = (
				EE8B80151A16A3A9007F455E /* kaldi_ios_pocTests.m */,
				EE8B80131A16A3A9007F455E /* Supporting Files */,
			);
			path = "kaldi-ios-pocTests";
			sourceTree = "<group>";
		};
		EE8B80131A16A3A9007F455E /* Supporting Files */ = {
			isa = PBXGroup;
			children = (
				EE8B80141A16A3A9007F455E /* Info.plist */,
			);
			name = "Supporting Files";
			sourceTree = "<group>";
		};
/* End PBXGroup section */

/* Begin PBXNativeTarget section */
		EE8B7FF51A16A3A9007F455E /* kaldi-ios-poc */ = {
			isa = PBXNativeTarget;
			buildConfigurationList = EE8B80191A16A3A9007F455E /* Build configuration list for PBXNativeTarget "kaldi-ios-poc" */;
			buildPhases = (
				EE8B7FF21A16A3A9007F455E /* Sources */,
				EE8B7FF31A16A3A9007F455E /* Frameworks */,
				EE8B7FF41A16A3A9007F455E /* Resources */,
			);
			buildRules = (
			);
			dependencies = (
			);
			name = "kaldi-ios-poc";
			productName = "kaldi-ios-poc";
			productReference = EE8B7FF61A16A3A9007F455E /* kaldi-ios-poc.app */;
			productType = "com.apple.product-type.application";
		};
		EE8B800E1A16A3A9007F455E /* kaldi-ios-pocTests */ = {
			isa = PBXNativeTarget;
			buildConfigurationList = EE8B801C1A16A3A9007F455E /* Build configuration list for PBXNativeTarget "kaldi-ios-pocTests" */;
			buildPhases = (
				EE8B800B1A16A3A9007F455E /* Sources */,
				EE8B800C1A16A3A9007F455E /* Frameworks */,
				EE8B800D1A16A3A9007F455E /* Resources */,
			);
			buildRules = (
			);
			dependencies = (
				EE8B80111A16A3A9007F455E /* PBXTargetDependency */,
			);
			name = "kaldi-ios-pocTests";
			productName = "kaldi-ios-pocTests";
			productReference = EE8B800F1A16A3A9007F455E /* kaldi-ios-pocTests.xctest */;
			productType = "com.apple.product-type.bundle.unit-test";
		};
/* End PBXNativeTarget section */

/* Begin PBXProject section */
		EE8B7FEE1A16A3A9007F455E /* Project object */ = {
			isa = PBXProject;
			attributes = {
				LastUpgradeCheck = 0730;
				ORGANIZATIONNAME = "Keen Research";
				TargetAttributes = {
					EE8B7FF51A16A3A9007F455E = {
						CreatedOnToolsVersion = 6.1;
					};
					EE8B800E1A16A3A9007F455E = {
						CreatedOnToolsVersion = 6.1;
						TestTargetID = EE8B7FF51A16A3A9007F455E;
					};
				};
			};
			buildConfigurationList = EE8B7FF11A16A3A9007F455E /* Build configuration list for PBXProject "kaldi-ios-poc" */;
			compatibilityVersion = "Xcode 3.2";
			developmentRegion = English;
			hasScannedForEncodings = 0;
			knownRegions = (
				en,
				Base,
			);
			mainGroup = EE8B7FED1A16A3A9007F455E;
			productRefGroup = EE8B7FF71A16A3A9007F455E /* Products */;
			projectDirPath = "";
			projectRoot = "";
			targets = (
				EE8B7FF51A16A3A9007F455E /* kaldi-ios-poc */,
				EE8B800E1A16A3A9007F455E /* kaldi-ios-pocTests */,
			);
		};
/* End PBXProject section */

/* Begin PBXResourcesBuildPhase section */
		EE8B7FF41A16A3A9007F455E /* Resources */ = {
			isa = PBXResourcesBuildPhase;
			buildActionMask = 2147483647;
			files = (
				EE8B80051A16A3A9007F455E /* Main.storyboard in Resources */,
				EE8B800A1A16A3A9007F455E /* LaunchScreen.xib in Resources */,
				EE8B80071A16A3A9007F455E /* Images.xcassets in Resources */,
				EE7410AA1CCEE59D009E72FF /* librispeech-gmm in Resources */,
				EEB44E091CBCC0FA009F432C /* librispeech-nnet2 in Resources */,
			);
			runOnlyForDeploymentPostprocessing = 0;
		};
		EE8B800D1A16A3A9007F455E /* Resources */ = {
			isa = PBXResourcesBuildPhase;
			buildActionMask = 2147483647;
			files = (
			);
			runOnlyForDeploymentPostprocessing = 0;
		};
/* End PBXResourcesBuildPhase section */

/* Begin PBXSourcesBuildPhase section */
		EE8B7FF21A16A3A9007F455E /* Sources */ = {
			isa = PBXSourcesBuildPhase;
			buildActionMask = 2147483647;
			files = (
				EE8B80021A16A3A9007F455E /* ViewController.m in Sources */,
				EE8B7FFF1A16A3A9007F455E /* AppDelegate.m in Sources */,
				EE8B7FFC1A16A3A9007F455E /* main.m in Sources */,
			);
			runOnlyForDeploymentPostprocessing = 0;
		};
		EE8B800B1A16A3A9007F455E /* Sources */ = {
			isa = PBXSourcesBuildPhase;
			buildActionMask = 2147483647;
			files = (
				EE8B80161A16A3A9007F455E /* kaldi_ios_pocTests.m in Sources */,
			);
			runOnlyForDeploymentPostprocessing = 0;
		};
/* End PBXSourcesBuildPhase section */

/* Begin PBXTargetDependency section */
		EE8B80111A16A3A9007F455E /* PBXTargetDependency */ = {
			isa = PBXTargetDependency;
			target = EE8B7FF51A16A3A9007F455E /* kaldi-ios-poc */;
			targetProxy = EE8B80101A16A3A9007F455E /* PBXContainerItemProxy */;
		};
/* End PBXTargetDependency section */

/* Begin PBXVariantGroup section */
		EE8B80031A16A3A9007F455E /* Main.storyboard */ = {
			isa = PBXVariantGroup;
			children = (
				EE8B80041A16A3A9007F455E /* Base */,
			);
			name = Main.storyboard;
			sourceTree = "<group>";
		};
		EE8B80081A16A3A9007F455E /* LaunchScreen.xib */ = {
			isa = PBXVariantGroup;
			children = (
				EE8B80091A16A3A9007F455E /* Base */,
			);
			name = LaunchScreen.xib;
			sourceTree = "<group>";
		};
/* End PBXVariantGroup section */

/* Begin XCBuildConfiguration section */
		EE8B80171A16A3A9007F455E /* Debug */ = {
			isa = XCBuildConfiguration;
			buildSettings = {
				ALWAYS_SEARCH_USER_PATHS = NO;
				CLANG_CXX_LANGUAGE_STANDARD = "gnu++0x";
				CLANG_CXX_LIBRARY = "libstdc++";
				CLANG_ENABLE_MODULES = YES;
				CLANG_ENABLE_OBJC_ARC = YES;
				CLANG_WARN_BOOL_CONVERSION = YES;
				CLANG_WARN_CONSTANT_CONVERSION = YES;
				CLANG_WARN_DIRECT_OBJC_ISA_USAGE = YES_ERROR;
				CLANG_WARN_EMPTY_BODY = YES;
				CLANG_WARN_ENUM_CONVERSION = YES;
				CLANG_WARN_INT_CONVERSION = YES;
				CLANG_WARN_OBJC_ROOT_CLASS = YES_ERROR;
				CLANG_WARN_UNREACHABLE_CODE = YES;
				CLANG_WARN__DUPLICATE_METHOD_MATCH = YES;
				"CODE_SIGN_IDENTITY[sdk=iphoneos*]" = "iPhone Developer";
				COPY_PHASE_STRIP = NO;
				ENABLE_BITCODE = NO;
				ENABLE_STRICT_OBJC_MSGSEND = YES;
				ENABLE_TESTABILITY = YES;
				GCC_C_LANGUAGE_STANDARD = gnu99;
				GCC_DYNAMIC_NO_PIC = NO;
				GCC_OPTIMIZATION_LEVEL = 0;
				GCC_PREPROCESSOR_DEFINITIONS = (
					"DEBUG=1",
					"$(inherited)",
				);
				"GCC_PREPROCESSOR_DEFINITIONS[arch=*]" = (
					"HAVE_POSIX_MEMALIGN=1",
					"HAVE_CLAPACK=1",
					"$(inherited)",
				);
				GCC_SYMBOLS_PRIVATE_EXTERN = NO;
				GCC_WARN_64_TO_32_BIT_CONVERSION = YES;
				GCC_WARN_ABOUT_RETURN_TYPE = YES_ERROR;
				GCC_WARN_UNDECLARED_SELECTOR = YES;
				GCC_WARN_UNINITIALIZED_AUTOS = YES_AGGRESSIVE;
				GCC_WARN_UNUSED_FUNCTION = YES;
				GCC_WARN_UNUSED_VARIABLE = YES;
				IPHONEOS_DEPLOYMENT_TARGET = 8.1;
				MTL_ENABLE_DEBUG_INFO = YES;
				ONLY_ACTIVE_ARCH = YES;
				SDKROOT = iphoneos;
			};
			name = Debug;
		};
		EE8B80181A16A3A9007F455E /* Release */ = {
			isa = XCBuildConfiguration;
			buildSettings = {
				ALWAYS_SEARCH_USER_PATHS = NO;
				CLANG_CXX_LANGUAGE_STANDARD = "gnu++0x";
				CLANG_CXX_LIBRARY = "libstdc++";
				CLANG_ENABLE_MODULES = YES;
				CLANG_ENABLE_OBJC_ARC = YES;
				CLANG_WARN_BOOL_CONVERSION = YES;
				CLANG_WARN_CONSTANT_CONVERSION = YES;
				CLANG_WARN_DIRECT_OBJC_ISA_USAGE = YES_ERROR;
				CLANG_WARN_EMPTY_BODY = YES;
				CLANG_WARN_ENUM_CONVERSION = YES;
				CLANG_WARN_INT_CONVERSION = YES;
				CLANG_WARN_OBJC_ROOT_CLASS = YES_ERROR;
				CLANG_WARN_UNREACHABLE_CODE = YES;
				CLANG_WARN__DUPLICATE_METHOD_MATCH = YES;
				"CODE_SIGN_IDENTITY[sdk=iphoneos*]" = "iPhone Developer";
				COPY_PHASE_STRIP = YES;
				ENABLE_BITCODE = NO;
				ENABLE_NS_ASSERTIONS = NO;
				ENABLE_STRICT_OBJC_MSGSEND = YES;
				GCC_C_LANGUAGE_STANDARD = gnu99;
				GCC_PREPROCESSOR_DEFINITIONS = (
					"HAVE_POSIX_MEMALIGN=1",
					"HAVE_CLAPACK=1",
				);
				GCC_WARN_64_TO_32_BIT_CONVERSION = YES;
				GCC_WARN_ABOUT_RETURN_TYPE = YES_ERROR;
				GCC_WARN_UNDECLARED_SELECTOR = YES;
				GCC_WARN_UNINITIALIZED_AUTOS = YES_AGGRESSIVE;
				GCC_WARN_UNUSED_FUNCTION = YES;
				GCC_WARN_UNUSED_VARIABLE = YES;
				IPHONEOS_DEPLOYMENT_TARGET = 8.1;
				MTL_ENABLE_DEBUG_INFO = NO;
				SDKROOT = iphoneos;
				VALIDATE_PRODUCT = YES;
			};
			name = Release;
		};
		EE8B801A1A16A3A9007F455E /* Debug */ = {
			isa = XCBuildConfiguration;
			buildSettings = {
				ASSETCATALOG_COMPILER_APPICON_NAME = AppIcon;
				CLANG_CXX_LIBRARY = "libc++";
				ENABLE_BITCODE = NO;
				FRAMEWORK_SEARCH_PATHS = (
					"$(inherited)",
					"$(PROJECT_DIR)",
				);
				GCC_PREPROCESSOR_DEFINITIONS = "DEBUG=1";
				HEADER_SEARCH_PATHS = (
					"$(inherited)",
					/Applications/Xcode.app/Contents/Developer/Toolchains/XcodeDefault.xctoolchain/usr/include,
					kaldi/,
					"/Applications/Xcode.app/Contents/Developer/Platforms/iPhoneOS.platform/Developer/SDKs/iPhoneOS.sdk/usr/include/c++/4.2.1/",
					"$(PROJECT_DIR)",
				);
				INFOPLIST_FILE = "kaldi-ios-poc/Info.plist";
				INFOPLIST_OTHER_PREPROCESSOR_FLAGS = "";
				LD_RUNPATH_SEARCH_PATHS = "$(inherited) @executable_path/Frameworks";
				LIBRARY_SEARCH_PATHS = (
					"$(inherited)",
					"$(PROJECT_DIR)",
				);
				PRODUCT_BUNDLE_IDENTIFIER = "com.keenresearch.kaldi-ios-poc";
				PRODUCT_NAME = "$(TARGET_NAME)";
			};
			name = Debug;
		};
		EE8B801B1A16A3A9007F455E /* Release */ = {
			isa = XCBuildConfiguration;
			buildSettings = {
				ASSETCATALOG_COMPILER_APPICON_NAME = AppIcon;
				CLANG_CXX_LIBRARY = "libc++";
				ENABLE_BITCODE = NO;
				FRAMEWORK_SEARCH_PATHS = (
					"$(inherited)",
					"$(PROJECT_DIR)",
				);
				GCC_PREPROCESSOR_DEFINITIONS = "";
				HEADER_SEARCH_PATHS = (
					"$(inherited)",
					/Applications/Xcode.app/Contents/Developer/Toolchains/XcodeDefault.xctoolchain/usr/include,
					kaldi/,
					"/Applications/Xcode.app/Contents/Developer/Platforms/iPhoneOS.platform/Developer/SDKs/iPhoneOS.sdk/usr/include/c++/4.2.1/",
					"$(PROJECT_DIR)",
				);
				INFOPLIST_FILE = "kaldi-ios-poc/Info.plist";
				INFOPLIST_OTHER_PREPROCESSOR_FLAGS = "";
				LD_RUNPATH_SEARCH_PATHS = "$(inherited) @executable_path/Frameworks";
				LIBRARY_SEARCH_PATHS = (
					"$(inherited)",
					"$(PROJECT_DIR)",
				);
				PRODUCT_BUNDLE_IDENTIFIER = "com.keenresearch.kaldi-ios-poc";
				PRODUCT_NAME = "$(TARGET_NAME)";
			};
			name = Release;
		};
		EE8B801D1A16A3A9007F455E /* Debug */ = {
			isa = XCBuildConfiguration;
			buildSettings = {
				BUNDLE_LOADER = "$(TEST_HOST)";
				FRAMEWORK_SEARCH_PATHS = (
					"$(SDKROOT)/Developer/Library/Frameworks",
					"$(inherited)",
				);
				GCC_PREPROCESSOR_DEFINITIONS = (
					"DEBUG=1",
					"$(inherited)",
				);
				INFOPLIST_FILE = "kaldi-ios-pocTests/Info.plist";
				LD_RUNPATH_SEARCH_PATHS = "$(inherited) @executable_path/Frameworks @loader_path/Frameworks";
				PRODUCT_BUNDLE_IDENTIFIER = "Keen-Research.$(PRODUCT_NAME:rfc1034identifier)";
				PRODUCT_NAME = "$(TARGET_NAME)";
				TEST_HOST = "$(BUILT_PRODUCTS_DIR)/kaldi-ios-poc.app/kaldi-ios-poc";
			};
			name = Debug;
		};
		EE8B801E1A16A3A9007F455E /* Release */ = {
			isa = XCBuildConfiguration;
			buildSettings = {
				BUNDLE_LOADER = "$(TEST_HOST)";
				FRAMEWORK_SEARCH_PATHS = (
					"$(SDKROOT)/Developer/Library/Frameworks",
					"$(inherited)",
				);
				INFOPLIST_FILE = "kaldi-ios-pocTests/Info.plist";
				LD_RUNPATH_SEARCH_PATHS = "$(inherited) @executable_path/Frameworks @loader_path/Frameworks";
				PRODUCT_BUNDLE_IDENTIFIER = "Keen-Research.$(PRODUCT_NAME:rfc1034identifier)";
				PRODUCT_NAME = "$(TARGET_NAME)";
				TEST_HOST = "$(BUILT_PRODUCTS_DIR)/kaldi-ios-poc.app/kaldi-ios-poc";
			};
			name = Release;
		};
/* End XCBuildConfiguration section */

/* Begin XCConfigurationList section */
		EE8B7FF11A16A3A9007F455E /* Build configuration list for PBXProject "kaldi-ios-poc" */ = {
			isa = XCConfigurationList;
			buildConfigurations = (
				EE8B80171A16A3A9007F455E /* Debug */,
				EE8B80181A16A3A9007F455E /* Release */,
			);
			defaultConfigurationIsVisible = 0;
			defaultConfigurationName = Release;
		};
		EE8B80191A16A3A9007F455E /* Build configuration list for PBXNativeTarget "kaldi-ios-poc" */ = {
			isa = XCConfigurationList;
			buildConfigurations = (
				EE8B801A1A16A3A9007F455E /* Debug */,
				EE8B801B1A16A3A9007F455E /* Release */,
			);
			defaultConfigurationIsVisible = 0;
			defaultConfigurationName = Release;
		};
		EE8B801C1A16A3A9007F455E /* Build configuration list for PBXNativeTarget "kaldi-ios-pocTests" */ = {
			isa = XCConfigurationList;
			buildConfigurations = (
				EE8B801D1A16A3A9007F455E /* Debug */,
				EE8B801E1A16A3A9007F455E /* Release */,
			);
			defaultConfigurationIsVisible = 0;
			defaultConfigurationName = Release;
		};
/* End XCConfigurationList section */
	};
	rootObject = EE8B7FEE1A16A3A9007F455E /* Project object */;
}
